// !$*UTF8*$!
{
	archiveVersion = 1;
	classes = {
	};
	objectVersion = 46;
	objects = {

/* Begin PBXBuildFile section */
		2AB255CA1B837829005DEC8B /* main.m in Sources */ = {isa = PBXBuildFile; fileRef = 2AB255C91B837829005DEC8B /* main.m */; };
		2AB255CD1B837829005DEC8B /* AppDelegate.m in Sources */ = {isa = PBXBuildFile; fileRef = 2AB255CC1B837829005DEC8B /* AppDelegate.m */; };
		2AB255D01B837829005DEC8B /* ViewController.m in Sources */ = {isa = PBXBuildFile; fileRef = 2AB255CF1B837829005DEC8B /* ViewController.m */; };
		2AB255D31B837829005DEC8B /* Main.storyboard in Resources */ = {isa = PBXBuildFile; fileRef = 2AB255D11B837829005DEC8B /* Main.storyboard */; };
		2AB255D51B837829005DEC8B /* Images.xcassets in Resources */ = {isa = PBXBuildFile; fileRef = 2AB255D41B837829005DEC8B /* Images.xcassets */; };
		2AB255D81B837829005DEC8B /* LaunchScreen.xib in Resources */ = {isa = PBXBuildFile; fileRef = 2AB255D61B837829005DEC8B /* LaunchScreen.xib */; };
		2AB255E41B837829005DEC8B /* TEViTests.m in Sources */ = {isa = PBXBuildFile; fileRef = 2AB255E31B837829005DEC8B /* TEViTests.m */; };
/* End PBXBuildFile section */

/* Begin PBXContainerItemProxy section */
		2AB255DE1B837829005DEC8B /* PBXContainerItemProxy */ = {
			isa = PBXContainerItemProxy;
			containerPortal = 2AB255BC1B837829005DEC8B /* Project object */;
			proxyType = 1;
			remoteGlobalIDString = 2AB255C31B837829005DEC8B;
			remoteInfo = TEVi;
		};
/* End PBXContainerItemProxy section */

/* Begin PBXFileReference section */
		2AB255C41B837829005DEC8B /* TEVi.app */ = {isa = PBXFileReference; explicitFileType = wrapper.application; includeInIndex = 0; path = TEVi.app; sourceTree = BUILT_PRODUCTS_DIR; };
		2AB255C81B837829005DEC8B /* Info.plist */ = {isa = PBXFileReference; lastKnownFileType = text.plist.xml; path = Info.plist; sourceTree = "<group>"; };
		2AB255C91B837829005DEC8B /* main.m */ = {isa = PBXFileReference; lastKnownFileType = sourcecode.c.objc; path = main.m; sourceTree = "<group>"; };
		2AB255CB1B837829005DEC8B /* AppDelegate.h */ = {isa = PBXFileReference; lastKnownFileType = sourcecode.c.h; path = AppDelegate.h; sourceTree = "<group>"; };
		2AB255CC1B837829005DEC8B /* AppDelegate.m */ = {isa = PBXFileReference; lastKnownFileType = sourcecode.c.objc; path = AppDelegate.m; sourceTree = "<group>"; };
		2AB255CE1B837829005DEC8B /* ViewController.h */ = {isa = PBXFileReference; lastKnownFileType = sourcecode.c.h; path = ViewController.h; sourceTree = "<group>"; };
		2AB255CF1B837829005DEC8B /* ViewController.m */ = {isa = PBXFileReference; lastKnownFileType = sourcecode.c.objc; path = ViewController.m; sourceTree = "<group>"; };
		2AB255D21B837829005DEC8B /* Base */ = {isa = PBXFileReference; lastKnownFileType = file.storyboard; name = Base; path = Base.lproj/Main.storyboard; sourceTree = "<group>"; };
		2AB255D41B837829005DEC8B /* Images.xcassets */ = {isa = PBXFileReference; lastKnownFileType = folder.assetcatalog; path = Images.xcassets; sourceTree = "<group>"; };
		2AB255D71B837829005DEC8B /* Base */ = {isa = PBXFileReference; lastKnownFileType = file.xib; name = Base; path = Base.lproj/LaunchScreen.xib; sourceTree = "<group>"; };
		2AB255DD1B837829005DEC8B /* TEViTests.xctest */ = {isa = PBXFileReference; explicitFileType = wrapper.cfbundle; includeInIndex = 0; path = TEViTests.xctest; sourceTree = BUILT_PRODUCTS_DIR; };
		2AB255E21B837829005DEC8B /* Info.plist */ = {isa = PBXFileReference; lastKnownFileType = text.plist.xml; path = Info.plist; sourceTree = "<group>"; };
		2AB255E31B837829005DEC8B /* TEViTests.m */ = {isa = PBXFileReference; lastKnownFileType = sourcecode.c.objc; path = TEViTests.m; sourceTree = "<group>"; };
/* End PBXFileReference section */

/* Begin PBXFrameworksBuildPhase section */
		2AB255C11B837829005DEC8B /* Frameworks */ = {
			isa = PBXFrameworksBuildPhase;
			buildActionMask = 2147483647;
			files = (
			);
			runOnlyForDeploymentPostprocessing = 0;
		};
		2AB255DA1B837829005DEC8B /* Frameworks */ = {
			isa = PBXFrameworksBuildPhase;
			buildActionMask = 2147483647;
			files = (
			);
			runOnlyForDeploymentPostprocessing = 0;
		};
/* End PBXFrameworksBuildPhase section */

/* Begin PBXGroup section */
		2AB255BB1B837829005DEC8B = {
			isa = PBXGroup;
			children = (
				2AB255C61B837829005DEC8B /* TEVi */,
				2AB255E01B837829005DEC8B /* TEViTests */,
				2AB255C51B837829005DEC8B /* Products */,
			);
			sourceTree = "<group>";
		};
		2AB255C51B837829005DEC8B /* Products */ = {
			isa = PBXGroup;
			children = (
				2AB255C41B837829005DEC8B /* TEVi.app */,
				2AB255DD1B837829005DEC8B /* TEViTests.xctest */,
			);
			name = Products;
			sourceTree = "<group>";
		};
		2AB255C61B837829005DEC8B /* TEVi */ = {
			isa = PBXGroup;
			children = (
				2AB255CB1B837829005DEC8B /* AppDelegate.h */,
				2AB255CC1B837829005DEC8B /* AppDelegate.m */,
				2AB255CE1B837829005DEC8B /* ViewController.h */,
				2AB255CF1B837829005DEC8B /* ViewController.m */,
				2AB255D11B837829005DEC8B /* Main.storyboard */,
				2AB255D41B837829005DEC8B /* Images.xcassets */,
				2AB255D61B837829005DEC8B /* LaunchScreen.xib */,
				2AB255C71B837829005DEC8B /* Supporting Files */,
			);
			path = TEVi;
			sourceTree = "<group>";
		};
		2AB255C71B837829005DEC8B /* Supporting Files */ = {
			isa = PBXGroup;
			children = (
				2AB255C81B837829005DEC8B /* Info.plist */,
				2AB255C91B837829005DEC8B /* main.m */,
			);
			name = "Supporting Files";
			sourceTree = "<group>";
		};
		2AB255E01B837829005DEC8B /* TEViTests */ = {
			isa = PBXGroup;
			children = (
				2AB255E31B837829005DEC8B /* TEViTests.m */,
				2AB255E11B837829005DEC8B /* Supporting Files */,
			);
			path = TEViTests;
			sourceTree = "<group>";
		};
		2AB255E11B837829005DEC8B /* Supporting Files */ = {
			isa = PBXGroup;
			children = (
				2AB255E21B837829005DEC8B /* Info.plist */,
			);
			name = "Supporting Files";
			sourceTree = "<group>";
		};
/* End PBXGroup section */

/* Begin PBXNativeTarget section */
		2AB255C31B837829005DEC8B /* TEVi */ = {
			isa = PBXNativeTarget;
			buildConfigurationList = 2AB255E71B837829005DEC8B /* Build configuration list for PBXNativeTarget "TEVi" */;
			buildPhases = (
				2AB255C01B837829005DEC8B /* Sources */,
				2AB255C11B837829005DEC8B /* Frameworks */,
				2AB255C21B837829005DEC8B /* Resources */,
			);
			buildRules = (
			);
			dependencies = (
			);
			name = TEVi;
			productName = TEVi;
			productReference = 2AB255C41B837829005DEC8B /* TEVi.app */;
			productType = "com.apple.product-type.application";
		};
		2AB255DC1B837829005DEC8B /* TEViTests */ = {
			isa = PBXNativeTarget;
			buildConfigurationList = 2AB255EA1B837829005DEC8B /* Build configuration list for PBXNativeTarget "TEViTests" */;
			buildPhases = (
				2AB255D91B837829005DEC8B /* Sources */,
				2AB255DA1B837829005DEC8B /* Frameworks */,
				2AB255DB1B837829005DEC8B /* Resources */,
			);
			buildRules = (
			);
			dependencies = (
				2AB255DF1B837829005DEC8B /* PBXTargetDependency */,
			);
			name = TEViTests;
			productName = TEViTests;
			productReference = 2AB255DD1B837829005DEC8B /* TEViTests.xctest */;
			productType = "com.apple.product-type.bundle.unit-test";
		};
/* End PBXNativeTarget section */

/* Begin PBXProject section */
		2AB255BC1B837829005DEC8B /* Project object */ = {
			isa = PBXProject;
			attributes = {
				LastUpgradeCheck = 0640;
				ORGANIZATIONNAME = Kelevrads;
				TargetAttributes = {
					2AB255C31B837829005DEC8B = {
						CreatedOnToolsVersion = 6.4;
					};
					2AB255DC1B837829005DEC8B = {
						CreatedOnToolsVersion = 6.4;
						TestTargetID = 2AB255C31B837829005DEC8B;
					};
				};
			};
			buildConfigurationList = 2AB255BF1B837829005DEC8B /* Build configuration list for PBXProject "TEVi" */;
			compatibilityVersion = "Xcode 3.2";
			developmentRegion = English;
			hasScannedForEncodings = 0;
			knownRegions = (
				en,
				Base,
			);
			mainGroup = 2AB255BB1B837829005DEC8B;
			productRefGroup = 2AB255C51B837829005DEC8B /* Products */;
			projectDirPath = "";
			projectRoot = "";
			targets = (
				2AB255C31B837829005DEC8B /* TEVi */,
				2AB255DC1B837829005DEC8B /* TEViTests */,
			);
		};
/* End PBXProject section */

/* Begin PBXResourcesBuildPhase section */
		2AB255C21B837829005DEC8B /* Resources */ = {
			isa = PBXResourcesBuildPhase;
			buildActionMask = 2147483647;
			files = (
				2AB255D31B837829005DEC8B /* Main.storyboard in Resources */,
				2AB255D81B837829005DEC8B /* LaunchScreen.xib in Resources */,
				2AB255D51B837829005DEC8B /* Images.xcassets in Resources */,
			);
			runOnlyForDeploymentPostprocessing = 0;
		};
		2AB255DB1B837829005DEC8B /* Resources */ = {
			isa = PBXResourcesBuildPhase;
			buildActionMask = 2147483647;
			files = (
			);
			runOnlyForDeploymentPostprocessing = 0;
		};
/* End PBXResourcesBuildPhase section */

/* Begin PBXSourcesBuildPhase section */
		2AB255C01B837829005DEC8B /* Sources */ = {
			isa = PBXSourcesBuildPhase;
			buildActionMask = 2147483647;
			files = (
				2AB255D01B837829005DEC8B /* ViewController.m in Sources */,
				2AB255CD1B837829005DEC8B /* AppDelegate.m in Sources */,
				2AB255CA1B837829005DEC8B /* main.m in Sources */,
			);
			runOnlyForDeploymentPostprocessing = 0;
		};
		2AB255D91B837829005DEC8B /* Sources */ = {
			isa = PBXSourcesBuildPhase;
			buildActionMask = 2147483647;
			files = (
				2AB255E41B837829005DEC8B /* TEViTests.m in Sources */,
			);
			runOnlyForDeploymentPostprocessing = 0;
		};
/* End PBXSourcesBuildPhase section */

/* Begin PBXTargetDependency section */
		2AB255DF1B837829005DEC8B /* PBXTargetDependency */ = {
			isa = PBXTargetDependency;
			target = 2AB255C31B837829005DEC8B /* TEVi */;
			targetProxy = 2AB255DE1B837829005DEC8B /* PBXContainerItemProxy */;
		};
/* End PBXTargetDependency section */

/* Begin PBXVariantGroup section */
		2AB255D11B837829005DEC8B /* Main.storyboard */ = {
			isa = PBXVariantGroup;
			children = (
				2AB255D21B837829005DEC8B /* Base */,
			);
			name = Main.storyboard;
			sourceTree = "<group>";
		};
		2AB255D61B837829005DEC8B /* LaunchScreen.xib */ = {
			isa = PBXVariantGroup;
			children = (
				2AB255D71B837829005DEC8B /* Base */,
			);
			name = LaunchScreen.xib;
			sourceTree = "<group>";
		};
/* End PBXVariantGroup section */

/* Begin XCBuildConfiguration section */
		2AB255E51B837829005DEC8B /* Debug */ = {
			isa = XCBuildConfiguration;
			buildSettings = {
				ALWAYS_SEARCH_USER_PATHS = NO;
				CLANG_CXX_LANGUAGE_STANDARD = "gnu++0x";
				CLANG_CXX_LIBRARY = "libc++";
				CLANG_ENABLE_MODULES = YES;
				CLANG_ENABLE_OBJC_ARC = YES;
				CLANG_WARN_BOOL_CONVERSION = YES;
				CLANG_WARN_CONSTANT_CONVERSION = YES;
				CLANG_WARN_DIRECT_OBJC_ISA_USAGE = YES_ERROR;
				CLANG_WARN_EMPTY_BODY = YES;
				CLANG_WARN_ENUM_CONVERSION = YES;
				CLANG_WARN_INT_CONVERSION = YES;
				CLANG_WARN_OBJC_ROOT_CLASS = YES_ERROR;
				CLANG_WARN_UNREACHABLE_CODE = YES;
				CLANG_WARN__DUPLICATE_METHOD_MATCH = YES;
				"CODE_SIGN_IDENTITY[sdk=iphoneos*]" = "iPhone Developer";
				COPY_PHASE_STRIP = NO;
				DEBUG_INFORMATION_FORMAT = "dwarf-with-dsym";
				ENABLE_STRICT_OBJC_MSGSEND = YES;
				GCC_C_LANGUAGE_STANDARD = gnu99;
				GCC_DYNAMIC_NO_PIC = NO;
				GCC_NO_COMMON_BLOCKS = YES;
				GCC_OPTIMIZATION_LEVEL = 0;
				GCC_PREPROCESSOR_DEFINITIONS = (
					"DEBUG=1",
					"$(inherited)",
				);
				GCC_SYMBOLS_PRIVATE_EXTERN = NO;
				GCC_WARN_64_TO_32_BIT_CONVERSION = YES;
				GCC_WARN_ABOUT_RETURN_TYPE = YES_ERROR;
				GCC_WARN_UNDECLARED_SELECTOR = YES;
				GCC_WARN_UNINITIALIZED_AUTOS = YES_AGGRESSIVE;
				GCC_WARN_UNUSED_FUNCTION = YES;
				GCC_WARN_UNUSED_VARIABLE = YES;
				IPHONEOS_DEPLOYMENT_TARGET = 8.4;
				MTL_ENABLE_DEBUG_INFO = YES;
				ONLY_ACTIVE_ARCH = YES;
				SDKROOT = iphoneos;
			};
			name = Debug;
		};
		2AB255E61B837829005DEC8B /* Release */ = {
			isa = XCBuildConfiguration;
			buildSettings = {
				ALWAYS_SEARCH_USER_PATHS = NO;
				CLANG_CXX_LANGUAGE_STANDARD = "gnu++0x";
				CLANG_CXX_LIBRARY = "libc++";
				CLANG_ENABLE_MODULES = YES;
				CLANG_ENABLE_OBJC_ARC = YES;
				CLANG_WARN_BOOL_CONVERSION = YES;
				CLANG_WARN_CONSTANT_CONVERSION = YES;
				CLANG_WARN_DIRECT_OBJC_ISA_USAGE = YES_ERROR;
				CLANG_WARN_EMPTY_BODY = YES;
				CLANG_WARN_ENUM_CONVERSION = YES;
				CLANG_WARN_INT_CONVERSION = YES;
				CLANG_WARN_OBJC_ROOT_CLASS = YES_ERROR;
				CLANG_WARN_UNREACHABLE_CODE = YES;
				CLANG_WARN__DUPLICATE_METHOD_MATCH = YES;
				"CODE_SIGN_IDENTITY[sdk=iphoneos*]" = "iPhone Developer";
				COPY_PHASE_STRIP = NO;
				DEBUG_INFORMATION_FORMAT = "dwarf-with-dsym";
				ENABLE_NS_ASSERTIONS = NO;
				ENABLE_STRICT_OBJC_MSGSEND = YES;
				GCC_C_LANGUAGE_STANDARD = gnu99;
				GCC_NO_COMMON_BLOCKS = YES;
				GCC_WARN_64_TO_32_BIT_CONVERSION = YES;
				GCC_WARN_ABOUT_RETURN_TYPE = YES_ERROR;
				GCC_WARN_UNDECLARED_SELECTOR = YES;
				GCC_WARN_UNINITIALIZED_AUTOS = YES_AGGRESSIVE;
				GCC_WARN_UNUSED_FUNCTION = YES;
				GCC_WARN_UNUSED_VARIABLE = YES;
				IPHONEOS_DEPLOYMENT_TARGET = 8.4;
				MTL_ENABLE_DEBUG_INFO = NO;
				SDKROOT = iphoneos;
				VALIDATE_PRODUCT = YES;
			};
			name = Release;
		};
		2AB255E81B837829005DEC8B /* Debug */ = {
			isa = XCBuildConfiguration;
			buildSettings = {
				ASSETCATALOG_COMPILER_APPICON_NAME = AppIcon;
				INFOPLIST_FILE = TEVi/Info.plist;
				LD_RUNPATH_SEARCH_PATHS = "$(inherited) @executable_path/Frameworks";
				PRODUCT_NAME = "$(TARGET_NAME)";
			};
			name = Debug;
		};
		2AB255E91B837829005DEC8B /* Release */ = {
			isa = XCBuildConfiguration;
			buildSettings = {
				ASSETCATALOG_COMPILER_APPICON_NAME = AppIcon;
				INFOPLIST_FILE = TEVi/Info.plist;
				LD_RUNPATH_SEARCH_PATHS = "$(inherited) @executable_path/Frameworks";
				PRODUCT_NAME = "$(TARGET_NAME)";
			};
			name = Release;
		};
		2AB255EB1B837829005DEC8B /* Debug */ = {
			isa = XCBuildConfiguration;
			buildSettings = {
				BUNDLE_LOADER = "$(TEST_HOST)";
				FRAMEWORK_SEARCH_PATHS = (
					"$(SDKROOT)/Developer/Library/Frameworks",
					"$(inherited)",
				);
				GCC_PREPROCESSOR_DEFINITIONS = (
					"DEBUG=1",
					"$(inherited)",
				);
				INFOPLIST_FILE = TEViTests/Info.plist;
				LD_RUNPATH_SEARCH_PATHS = "$(inherited) @executable_path/Frameworks @loader_path/Frameworks";
				PRODUCT_NAME = "$(TARGET_NAME)";
				TEST_HOST = "$(BUILT_PRODUCTS_DIR)/TEVi.app/TEVi";
			};
			name = Debug;
		};
		2AB255EC1B837829005DEC8B /* Release */ = {
			isa = XCBuildConfiguration;
			buildSettings = {
				BUNDLE_LOADER = "$(TEST_HOST)";
				FRAMEWORK_SEARCH_PATHS = (
					"$(SDKROOT)/Developer/Library/Frameworks",
					"$(inherited)",
				);
				INFOPLIST_FILE = TEViTests/Info.plist;
				LD_RUNPATH_SEARCH_PATHS = "$(inherited) @executable_path/Frameworks @loader_path/Frameworks";
				PRODUCT_NAME = "$(TARGET_NAME)";
				TEST_HOST = "$(BUILT_PRODUCTS_DIR)/TEVi.app/TEVi";
			};
			name = Release;
		};
/* End XCBuildConfiguration section */

/* Begin XCConfigurationList section */
		2AB255BF1B837829005DEC8B /* Build configuration list for PBXProject "TEVi" */ = {
			isa = XCConfigurationList;
			buildConfigurations = (
				2AB255E51B837829005DEC8B /* Debug */,
				2AB255E61B837829005DEC8B /* Release */,
			);
			defaultConfigurationIsVisible = 0;
			defaultConfigurationName = Release;
		};
		2AB255E71B837829005DEC8B /* Build configuration list for PBXNativeTarget "TEVi" */ = {
			isa = XCConfigurationList;
			buildConfigurations = (
				2AB255E81B837829005DEC8B /* Debug */,
				2AB255E91B837829005DEC8B /* Release */,
			);
			defaultConfigurationIsVisible = 0;
		};
		2AB255EA1B837829005DEC8B /* Build configuration list for PBXNativeTarget "TEViTests" */ = {
			isa = XCConfigurationList;
			buildConfigurations = (
				2AB255EB1B837829005DEC8B /* Debug */,
				2AB255EC1B837829005DEC8B /* Release */,
			);
			defaultConfigurationIsVisible = 0;
		};
/* End XCConfigurationList section */
	};
	rootObject = 2AB255BC1B837829005DEC8B /* Project object */;
}
